{
  "name": "email-valid-check",
  "version": "1.0.0",
  "lockfileVersion": 3,
  "requires": true,
  "packages": {
    "": {
      "name": "email-valid-check",
      "version": "1.0.0",
      "license": "ISC",
      "dependencies": {
        "@devmehq/email-validator-js": "^1.0.19",
        "deep-email-validator": "^0.1.21",
        "email-existence": "^0.1.6",
        "email-verify": "^0.1.1"
      }
    },
    "node_modules/@devmehq/email-validator-js": {
      "version": "1.0.19",
      "resolved": "https://registry.npmjs.org/@devmehq/email-validator-js/-/email-validator-js-1.0.19.tgz",
      "integrity": "sha512-Z2qlnD2xddvXz+5e26czIvPJysUfvVi+9mjyNG/XH7eZbqF93hoU/Ff4KfGv9UoPmj7uhRW1k+i9JFtae7sc3w==",
      "dependencies": {
        "@types/psl": "1.1.3",
        "psl": "1.9.0"
      },
      "engines": {
        "node": ">= 12.0"
      }
    },
    "node_modules/@types/disposable-email-domains": {
      "version": "1.0.6",
      "resolved": "https://registry.npmjs.org/@types/disposable-email-domains/-/disposable-email-domains-1.0.6.tgz",
      "integrity": "sha512-+jHw0Q4ERuVYIChlUaoSm/VEuuNFeW7JgUU8Rwa9V1ym6q+gkGmBK5sGTDKqlfmsSdI5bFMHKlEatirPFvd8Xw=="
    },
    "node_modules/@types/psl": {
      "version": "1.1.3",
      "resolved": "https://registry.npmjs.org/@types/psl/-/psl-1.1.3.tgz",
      "integrity": "sha512-Iu174JHfLd7i/XkXY6VDrqSlPvTDQOtQI7wNAXKKOAADJ9TduRLkNdMgjGiMxSttUIZnomv81JAbAbC0DhggxA=="
    },
    "node_modules/async": {
      "version": "2.6.4",
      "resolved": "https://registry.npmjs.org/async/-/async-2.6.4.tgz",
      "integrity": "sha512-mzo5dfJYwAn29PeiJ0zvwTo04zj8HDJj0Mn8TD7sno7q12prdbnasKJHhkm2c1LgrhlJ0teaea8860oxi51mGA==",
      "dependencies": {
        "lodash": "^4.17.14"
      }
    },
    "node_modules/axios": {
      "version": "0.24.0",
      "resolved": "https://registry.npmjs.org/axios/-/axios-0.24.0.tgz",
      "integrity": "sha512-Q6cWsys88HoPgAaFAVUb0WpPk0O8iTeisR9IMqy9G8AbO4NlpVknrnQS03zzF9PGAWgO3cgletO3VjV/P7VztA==",
      "dependencies": {
        "follow-redirects": "^1.14.4"
      }
    },
    "node_modules/bluebird": {
      "version": "3.7.2",
      "resolved": "https://registry.npmjs.org/bluebird/-/bluebird-3.7.2.tgz",
      "integrity": "sha512-XpNj6GDQzdfW+r2Wnn7xiSAd7TM3jzkxGXBGTtWKuSXv1xUV+azxAm8jdWZN06QTQk+2N2XB9jRDkvbmQmcRtg=="
    },
    "node_modules/deep-email-validator": {
      "version": "0.1.21",
      "resolved": "https://registry.npmjs.org/deep-email-validator/-/deep-email-validator-0.1.21.tgz",
      "integrity": "sha512-DBAmMzbr+MAubXQ+TS9tZuPwLcdKscb8YzKZiwoLqF3NmaeEgXvSSHhZ0EXOFeKFE2FNWC4mNXCyiQ/JdFXUwg==",
      "dependencies": {
        "@types/disposable-email-domains": "^1.0.1",
        "axios": "^0.24.0",
        "disposable-email-domains": "^1.0.59",
        "mailcheck": "^1.1.1"
      }
    },
    "node_modules/disposable-email-domains": {
      "version": "1.0.62",
      "resolved": "https://registry.npmjs.org/disposable-email-domains/-/disposable-email-domains-1.0.62.tgz",
      "integrity": "sha512-LBQvhRw7mznQTPoyZbsmYeNOZt1pN5aCsx4BAU/3siVFuiM9f2oyKzUaB8v1jbxFjE3aYqYiMo63kAL4pHgfWQ=="
    },
    "node_modules/email-existence": {
      "version": "0.1.6",
      "resolved": "https://registry.npmjs.org/email-existence/-/email-existence-0.1.6.tgz",
      "integrity": "sha512-mg7vWBaddlMxBFpNMG4h5CZHdBBjcMkN2mFVwGxglRPdgnAD5ashVwhGbQudL2lrvElWyzpR1M61bsvUuzi8Pg==",
      "dependencies": {
        "async": "^2.0.0-rc.6"
      }
    },
    "node_modules/email-validator": {
      "version": "1.0.1",
      "resolved": "https://registry.npmjs.org/email-validator/-/email-validator-1.0.1.tgz",
      "integrity": "sha512-oPALx+vZf9F1yJ84Q8l0Ve31AD2VVgnw9ivPndjnL4+jL2d6g2E4cavlYUfIeR8wMJL0FyDlscw5TsEyNh7xlg==",
      "engines": {
        "node": ">0.3.0"
      }
    },
    "node_modules/email-verify": {
      "version": "0.1.1",
      "resolved": "https://registry.npmjs.org/email-verify/-/email-verify-0.1.1.tgz",
      "integrity": "sha512-Ni34X8PhowMizktT8qhZFOsO4Kj5x7PlE0UQrSAJb1z8vFs2Hu/pvqa3wtJvfiptwGtD47c2JTNMJqxEzzN8VQ==",
      "dependencies": {
        "bluebird": "latest",
        "email-validator": "1.0.1"
      },
      "bin": {
        "email-verify": "app.js"
      }
    },
    "node_modules/follow-redirects": {
      "version": "1.15.6",
      "resolved": "https://registry.npmjs.org/follow-redirects/-/follow-redirects-1.15.6.tgz",
      "integrity": "sha512-wWN62YITEaOpSK584EZXJafH1AGpO8RVgElfkuXbTOrPX4fIfOyEpW/CsiNd8JdYrAoOvafRTOEnvsO++qCqFA==",
      "funding": [
        {
          "type": "individual",
          "url": "https://github.com/sponsors/RubenVerborgh"
        }
      ],
      "engines": {
        "node": ">=4.0"
      },
      "peerDependenciesMeta": {
        "debug": {
          "optional": true
        }
      }
    },
    "node_modules/lodash": {
      "version": "4.17.21",
      "resolved": "https://registry.npmjs.org/lodash/-/lodash-4.17.21.tgz",
      "integrity": "sha512-v2kDEe57lecTulaDIuNTPy3Ry4gLGJ6Z1O3vE1krgXZNrsQ+LFTGHVxVjcXPs17LhbZVGedAJv8XZ1tvj5FvSg=="
    },
    "node_modules/mailcheck": {
      "version": "1.1.1",
      "resolved": "https://registry.npmjs.org/mailcheck/-/mailcheck-1.1.1.tgz",
      "integrity": "sha512-3WjL8+ZDouZwKlyJBMp/4LeziLFXgleOdsYu87piGcMLqhBzCsy2QFdbtAwv757TFC/rtqd738fgJw1tFQCSgA=="
    },
    "node_modules/psl": {
      "version": "1.9.0",
      "resolved": "https://registry.npmjs.org/psl/-/psl-1.9.0.tgz",
      "integrity": "sha512-E/ZsdU4HLs/68gYzgGTkMicWTLPdAftJLfJFlLUAAKZGkStNU72sZjT66SnMDVOfOWY/YAoiD7Jxa9iHvngcag=="
    }
  }
}
